<?xml version="1.0" encoding="UTF-8"?>
<!DOCTYPE plist PUBLIC "-//Apple//DTD PLIST 1.0//EN" "http://www.apple.com/DTDs/PropertyList-1.0.dtd">
<plist version="1.0">
<dict>
	<key>archiveVersion</key>
	<string>1</string>
	<key>classes</key>
	<dict/>
	<key>objectVersion</key>
	<string>46</string>
	<key>objects</key>
	<dict>
		<key>87CD98CEB79F4E8E915183CA</key>
		<dict>
			<key>buildActionMask</key>
			<string>2147483647</string>
			<key>files</key>
			<array/>
			<key>inputPaths</key>
			<array/>
			<key>isa</key>
			<string>PBXShellScriptBuildPhase</string>
			<key>name</key>
			<string>Copy Pods Resources</string>
			<key>outputPaths</key>
			<array/>
			<key>runOnlyForDeploymentPostprocessing</key>
			<string>0</string>
			<key>shellPath</key>
			<string>/bin/sh</string>
			<key>shellScript</key>
			<string>"${SRCROOT}/Pods/Pods-resources.sh"
</string>
			<key>showEnvVarsInLog</key>
			<string>0</string>
		</dict>
		<key>A94358C61978BCB000A44402</key>
		<dict>
			<key>fileEncoding</key>
			<string>4</string>
			<key>isa</key>
			<string>PBXFileReference</string>
			<key>lastKnownFileType</key>
			<string>sourcecode.c.h</string>
			<key>name</key>
			<string>BRSMapCoordinateTester.h</string>
			<key>path</key>
			<string>BRSFlatMap/BRSMapCoordinateTester.h</string>
			<key>sourceTree</key>
			<string>&lt;group&gt;</string>
		</dict>
		<key>A94358C71978BCB000A44402</key>
		<dict>
			<key>fileEncoding</key>
			<string>4</string>
			<key>isa</key>
			<string>PBXFileReference</string>
			<key>lastKnownFileType</key>
			<string>sourcecode.c.objc</string>
			<key>name</key>
			<string>BRSMapCoordinateTester.m</string>
			<key>path</key>
			<string>BRSFlatMap/BRSMapCoordinateTester.m</string>
			<key>sourceTree</key>
			<string>&lt;group&gt;</string>
		</dict>
		<key>A94358C81978BCB000A44402</key>
		<dict>
			<key>fileRef</key>
			<string>A94358C71978BCB000A44402</string>
			<key>isa</key>
			<string>PBXBuildFile</string>
		</dict>
		<key>A94358C91978BCB500A44402</key>
		<dict>
			<key>children</key>
			<array>
				<string>A94358D01978EFB800A44402</string>
				<string>A94358C61978BCB000A44402</string>
				<string>A94358C71978BCB000A44402</string>
			</array>
			<key>isa</key>
			<string>PBXGroup</string>
			<key>name</key>
			<string>tester</string>
			<key>sourceTree</key>
			<string>&lt;group&gt;</string>
		</dict>
		<key>A94358CA1978C07C00A44402</key>
		<dict>
			<key>fileEncoding</key>
			<string>4</string>
			<key>isa</key>
			<string>PBXFileReference</string>
			<key>lastKnownFileType</key>
			<string>sourcecode.c.h</string>
			<key>path</key>
			<string>BRSUtilities.h</string>
			<key>sourceTree</key>
			<string>&lt;group&gt;</string>
		</dict>
		<key>A94358CB1978C07C00A44402</key>
		<dict>
			<key>fileEncoding</key>
			<string>4</string>
			<key>isa</key>
			<string>PBXFileReference</string>
			<key>lastKnownFileType</key>
			<string>sourcecode.c.objc</string>
			<key>path</key>
			<string>BRSUtilities.m</string>
			<key>sourceTree</key>
			<string>&lt;group&gt;</string>
		</dict>
		<key>A94358CC1978C07C00A44402</key>
		<dict>
			<key>fileRef</key>
			<string>A94358CB1978C07C00A44402</string>
			<key>isa</key>
			<string>PBXBuildFile</string>
		</dict>
		<key>A94358CD1978C08100A44402</key>
		<dict>
			<key>children</key>
			<array>
				<string>A94358CA1978C07C00A44402</string>
				<string>A94358CB1978C07C00A44402</string>
			</array>
			<key>isa</key>
			<string>PBXGroup</string>
			<key>name</key>
			<string>Utlities</string>
			<key>sourceTree</key>
			<string>&lt;group&gt;</string>
		</dict>
		<key>A94358D01978EFB800A44402</key>
		<dict>
			<key>fileEncoding</key>
			<string>4</string>
			<key>isa</key>
			<string>PBXFileReference</string>
			<key>lastKnownFileType</key>
			<string>text.json</string>
			<key>path</key>
			<string>testdata.json</string>
			<key>sourceTree</key>
			<string>&lt;group&gt;</string>
		</dict>
		<key>A94358D11978EFB800A44402</key>
		<dict>
			<key>fileRef</key>
			<string>A94358D01978EFB800A44402</string>
			<key>isa</key>
			<string>PBXBuildFile</string>
		</dict>
		<key>A98318201973752700CF1A4A</key>
		<dict>
			<key>children</key>
			<array>
				<string>A98318341973752700CF1A4A</string>
				<string>A98318511973752700CF1A4A</string>
				<string>A983182B1973752700CF1A4A</string>
				<string>A983182A1973752700CF1A4A</string>
				<string>EE0E00F8AD77460ABD6C0158</string>
			</array>
			<key>isa</key>
			<string>PBXGroup</string>
			<key>sourceTree</key>
			<string>&lt;group&gt;</string>
		</dict>
		<key>A98318211973752700CF1A4A</key>
		<dict>
			<key>attributes</key>
			<dict>
				<key>CLASSPREFIX</key>
				<string>BRS</string>
				<key>LastUpgradeCheck</key>
				<string>0510</string>
				<key>ORGANIZATIONNAME</key>
				<string>Bill Bai</string>
				<key>TargetAttributes</key>
				<dict>
					<key>A98318481973752700CF1A4A</key>
					<dict>
						<key>TestTargetID</key>
						<string>A98318281973752700CF1A4A</string>
					</dict>
				</dict>
			</dict>
			<key>buildConfigurationList</key>
			<string>A98318241973752700CF1A4A</string>
			<key>compatibilityVersion</key>
			<string>Xcode 3.2</string>
			<key>developmentRegion</key>
			<string>English</string>
			<key>hasScannedForEncodings</key>
			<string>0</string>
			<key>isa</key>
			<string>PBXProject</string>
			<key>knownRegions</key>
			<array>
				<string>en</string>
			</array>
			<key>mainGroup</key>
			<string>A98318201973752700CF1A4A</string>
			<key>productRefGroup</key>
			<string>A983182A1973752700CF1A4A</string>
			<key>projectDirPath</key>
			<string></string>
			<key>projectReferences</key>
			<array/>
			<key>projectRoot</key>
			<string></string>
			<key>targets</key>
			<array>
				<string>A98318281973752700CF1A4A</string>
				<string>A98318481973752700CF1A4A</string>
			</array>
		</dict>
		<key>A98318241973752700CF1A4A</key>
		<dict>
			<key>buildConfigurations</key>
			<array>
				<string>A98318591973752800CF1A4A</string>
				<string>A983185A1973752800CF1A4A</string>
			</array>
			<key>defaultConfigurationIsVisible</key>
			<string>0</string>
			<key>defaultConfigurationName</key>
			<string>Release</string>
			<key>isa</key>
			<string>XCConfigurationList</string>
		</dict>
		<key>A98318251973752700CF1A4A</key>
		<dict>
			<key>buildActionMask</key>
			<string>2147483647</string>
			<key>files</key>
			<array>
				<string>A94358CC1978C07C00A44402</string>
				<string>A9D093201974DEB40000BAF7</string>
				<string>A9BC685A197514410079BCA3</string>
				<string>A9D093231974E0D50000BAF7</string>
				<string>A983183F1973752700CF1A4A</string>
				<string>A983183B1973752700CF1A4A</string>
				<string>A98318421973752700CF1A4A</string>
				<string>A9D093261974ED1D0000BAF7</string>
				<string>A94358C81978BCB000A44402</string>
			</array>
			<key>isa</key>
			<string>PBXSourcesBuildPhase</string>
			<key>runOnlyForDeploymentPostprocessing</key>
			<string>0</string>
		</dict>
		<key>A98318261973752700CF1A4A</key>
		<dict>
			<key>buildActionMask</key>
			<string>2147483647</string>
			<key>files</key>
			<array>
				<string>A983182F1973752700CF1A4A</string>
				<string>A98318331973752700CF1A4A</string>
				<string>A98318311973752700CF1A4A</string>
				<string>A983182D1973752700CF1A4A</string>
				<string>BEE282826C114BCAA1344129</string>
			</array>
			<key>isa</key>
			<string>PBXFrameworksBuildPhase</string>
			<key>runOnlyForDeploymentPostprocessing</key>
			<string>0</string>
		</dict>
		<key>A98318271973752700CF1A4A</key>
		<dict>
			<key>buildActionMask</key>
			<string>2147483647</string>
			<key>files</key>
			<array>
				<string>A98318391973752700CF1A4A</string>
				<string>A98318441973752700CF1A4A</string>
				<string>A94358D11978EFB800A44402</string>
			</array>
			<key>isa</key>
			<string>PBXResourcesBuildPhase</string>
			<key>runOnlyForDeploymentPostprocessing</key>
			<string>0</string>
		</dict>
		<key>A98318281973752700CF1A4A</key>
		<dict>
			<key>buildConfigurationList</key>
			<string>A983185B1973752800CF1A4A</string>
			<key>buildPhases</key>
			<array>
				<string>BC1F8955EAD8416AB52A5C29</string>
				<string>A98318251973752700CF1A4A</string>
				<string>A98318261973752700CF1A4A</string>
				<string>A98318271973752700CF1A4A</string>
				<string>87CD98CEB79F4E8E915183CA</string>
			</array>
			<key>buildRules</key>
			<array/>
			<key>dependencies</key>
			<array/>
			<key>isa</key>
			<string>PBXNativeTarget</string>
			<key>name</key>
			<string>BRSFlatMap</string>
			<key>productName</key>
			<string>BRSFlatMap</string>
			<key>productReference</key>
			<string>A98318291973752700CF1A4A</string>
			<key>productType</key>
			<string>com.apple.product-type.application</string>
		</dict>
		<key>A98318291973752700CF1A4A</key>
		<dict>
			<key>explicitFileType</key>
			<string>wrapper.application</string>
			<key>includeInIndex</key>
			<string>0</string>
			<key>isa</key>
			<string>PBXFileReference</string>
			<key>path</key>
			<string>BRSFlatMap.app</string>
			<key>sourceTree</key>
			<string>BUILT_PRODUCTS_DIR</string>
		</dict>
		<key>A983182A1973752700CF1A4A</key>
		<dict>
			<key>children</key>
			<array>
				<string>A98318291973752700CF1A4A</string>
				<string>A98318491973752700CF1A4A</string>
			</array>
			<key>isa</key>
			<string>PBXGroup</string>
			<key>name</key>
			<string>Products</string>
			<key>sourceTree</key>
			<string>&lt;group&gt;</string>
		</dict>
		<key>A983182B1973752700CF1A4A</key>
		<dict>
			<key>children</key>
			<array>
				<string>A983182C1973752700CF1A4A</string>
				<string>A983182E1973752700CF1A4A</string>
				<string>A98318301973752700CF1A4A</string>
				<string>A98318321973752700CF1A4A</string>
				<string>A983184A1973752700CF1A4A</string>
				<string>C56A2D5733A74C14A1338DC1</string>
			</array>
			<key>isa</key>
			<string>PBXGroup</string>
			<key>name</key>
			<string>Frameworks</string>
			<key>sourceTree</key>
			<string>&lt;group&gt;</string>
		</dict>
		<key>A983182C1973752700CF1A4A</key>
		<dict>
			<key>isa</key>
			<string>PBXFileReference</string>
			<key>lastKnownFileType</key>
			<string>wrapper.framework</string>
			<key>name</key>
			<string>Foundation.framework</string>
			<key>path</key>
			<string>System/Library/Frameworks/Foundation.framework</string>
			<key>sourceTree</key>
			<string>SDKROOT</string>
		</dict>
		<key>A983182D1973752700CF1A4A</key>
		<dict>
			<key>fileRef</key>
			<string>A983182C1973752700CF1A4A</string>
			<key>isa</key>
			<string>PBXBuildFile</string>
		</dict>
		<key>A983182E1973752700CF1A4A</key>
		<dict>
			<key>isa</key>
			<string>PBXFileReference</string>
			<key>lastKnownFileType</key>
			<string>wrapper.framework</string>
			<key>name</key>
			<string>CoreGraphics.framework</string>
			<key>path</key>
			<string>System/Library/Frameworks/CoreGraphics.framework</string>
			<key>sourceTree</key>
			<string>SDKROOT</string>
		</dict>
		<key>A983182F1973752700CF1A4A</key>
		<dict>
			<key>fileRef</key>
			<string>A983182E1973752700CF1A4A</string>
			<key>isa</key>
			<string>PBXBuildFile</string>
		</dict>
		<key>A98318301973752700CF1A4A</key>
		<dict>
			<key>isa</key>
			<string>PBXFileReference</string>
			<key>lastKnownFileType</key>
			<string>wrapper.framework</string>
			<key>name</key>
			<string>UIKit.framework</string>
			<key>path</key>
			<string>System/Library/Frameworks/UIKit.framework</string>
			<key>sourceTree</key>
			<string>SDKROOT</string>
		</dict>
		<key>A98318311973752700CF1A4A</key>
		<dict>
			<key>fileRef</key>
			<string>A98318301973752700CF1A4A</string>
			<key>isa</key>
			<string>PBXBuildFile</string>
		</dict>
		<key>A98318321973752700CF1A4A</key>
		<dict>
			<key>isa</key>
			<string>PBXFileReference</string>
			<key>lastKnownFileType</key>
			<string>wrapper.framework</string>
			<key>name</key>
			<string>CoreData.framework</string>
			<key>path</key>
			<string>System/Library/Frameworks/CoreData.framework</string>
			<key>sourceTree</key>
			<string>SDKROOT</string>
		</dict>
		<key>A98318331973752700CF1A4A</key>
		<dict>
			<key>fileRef</key>
			<string>A98318321973752700CF1A4A</string>
			<key>isa</key>
			<string>PBXBuildFile</string>
		</dict>
		<key>A98318341973752700CF1A4A</key>
		<dict>
			<key>children</key>
			<array>
				<string>A983183D1973752700CF1A4A</string>
				<string>A983183E1973752700CF1A4A</string>
				<string>A9D0931E1974DEB40000BAF7</string>
				<string>A9D0931F1974DEB40000BAF7</string>
				<string>A9D093241974ED1D0000BAF7</string>
				<string>A9D093251974ED1D0000BAF7</string>
				<string>A9D093211974E0D50000BAF7</string>
				<string>A9D093221974E0D50000BAF7</string>
				<string>A9BC6858197514410079BCA3</string>
				<string>A9BC6859197514410079BCA3</string>
				<string>A94358CD1978C08100A44402</string>
				<string>A94358C91978BCB500A44402</string>
				<string>A98318431973752700CF1A4A</string>
				<string>A98318401973752700CF1A4A</string>
				<string>A98318351973752700CF1A4A</string>
			</array>
			<key>isa</key>
			<string>PBXGroup</string>
			<key>path</key>
			<string>BRSFlatMap</string>
			<key>sourceTree</key>
			<string>&lt;group&gt;</string>
		</dict>
		<key>A98318351973752700CF1A4A</key>
		<dict>
			<key>children</key>
			<array>
				<string>A98318361973752700CF1A4A</string>
				<string>A98318371973752700CF1A4A</string>
				<string>A983183A1973752700CF1A4A</string>
				<string>A983183C1973752700CF1A4A</string>
			</array>
			<key>isa</key>
			<string>PBXGroup</string>
			<key>name</key>
			<string>Supporting Files</string>
			<key>sourceTree</key>
			<string>&lt;group&gt;</string>
		</dict>
		<key>A98318361973752700CF1A4A</key>
		<dict>
			<key>isa</key>
			<string>PBXFileReference</string>
			<key>lastKnownFileType</key>
			<string>text.plist.xml</string>
			<key>path</key>
			<string>BRSFlatMap-Info.plist</string>
			<key>sourceTree</key>
			<string>&lt;group&gt;</string>
		</dict>
		<key>A98318371973752700CF1A4A</key>
		<dict>
			<key>children</key>
			<array>
				<string>A98318381973752700CF1A4A</string>
			</array>
			<key>isa</key>
			<string>PBXVariantGroup</string>
			<key>name</key>
			<string>InfoPlist.strings</string>
			<key>sourceTree</key>
			<string>&lt;group&gt;</string>
		</dict>
		<key>A98318381973752700CF1A4A</key>
		<dict>
			<key>isa</key>
			<string>PBXFileReference</string>
			<key>lastKnownFileType</key>
			<string>text.plist.strings</string>
			<key>name</key>
			<string>en</string>
			<key>path</key>
			<string>en.lproj/InfoPlist.strings</string>
			<key>sourceTree</key>
			<string>&lt;group&gt;</string>
		</dict>
		<key>A98318391973752700CF1A4A</key>
		<dict>
			<key>fileRef</key>
			<string>A98318371973752700CF1A4A</string>
			<key>isa</key>
			<string>PBXBuildFile</string>
		</dict>
		<key>A983183A1973752700CF1A4A</key>
		<dict>
			<key>isa</key>
			<string>PBXFileReference</string>
			<key>lastKnownFileType</key>
			<string>sourcecode.c.objc</string>
			<key>path</key>
			<string>main.m</string>
			<key>sourceTree</key>
			<string>&lt;group&gt;</string>
		</dict>
		<key>A983183B1973752700CF1A4A</key>
		<dict>
			<key>fileRef</key>
			<string>A983183A1973752700CF1A4A</string>
			<key>isa</key>
			<string>PBXBuildFile</string>
		</dict>
		<key>A983183C1973752700CF1A4A</key>
		<dict>
			<key>isa</key>
			<string>PBXFileReference</string>
			<key>lastKnownFileType</key>
			<string>sourcecode.c.h</string>
			<key>path</key>
			<string>BRSFlatMap-Prefix.pch</string>
			<key>sourceTree</key>
			<string>&lt;group&gt;</string>
		</dict>
		<key>A983183D1973752700CF1A4A</key>
		<dict>
			<key>isa</key>
			<string>PBXFileReference</string>
			<key>lastKnownFileType</key>
			<string>sourcecode.c.h</string>
			<key>path</key>
			<string>BRSAppDelegate.h</string>
			<key>sourceTree</key>
			<string>&lt;group&gt;</string>
		</dict>
		<key>A983183E1973752700CF1A4A</key>
		<dict>
			<key>isa</key>
			<string>PBXFileReference</string>
			<key>lastKnownFileType</key>
			<string>sourcecode.c.objc</string>
			<key>path</key>
			<string>BRSAppDelegate.m</string>
			<key>sourceTree</key>
			<string>&lt;group&gt;</string>
		</dict>
		<key>A983183F1973752700CF1A4A</key>
		<dict>
			<key>fileRef</key>
			<string>A983183E1973752700CF1A4A</string>
			<key>isa</key>
			<string>PBXBuildFile</string>
		</dict>
		<key>A98318401973752700CF1A4A</key>
		<dict>
			<key>children</key>
			<array>
				<string>A98318411973752700CF1A4A</string>
			</array>
			<key>currentVersion</key>
			<string>A98318411973752700CF1A4A</string>
			<key>isa</key>
			<string>XCVersionGroup</string>
			<key>path</key>
			<string>BRSFlatMap.xcdatamodeld</string>
			<key>sourceTree</key>
			<string>&lt;group&gt;</string>
			<key>versionGroupType</key>
			<string>wrapper.xcdatamodel</string>
		</dict>
		<key>A98318411973752700CF1A4A</key>
		<dict>
			<key>isa</key>
			<string>PBXFileReference</string>
			<key>lastKnownFileType</key>
			<string>wrapper.xcdatamodel</string>
			<key>path</key>
			<string>BRSFlatMap.xcdatamodel</string>
			<key>sourceTree</key>
			<string>&lt;group&gt;</string>
		</dict>
		<key>A98318421973752700CF1A4A</key>
		<dict>
			<key>fileRef</key>
			<string>A98318401973752700CF1A4A</string>
			<key>isa</key>
			<string>PBXBuildFile</string>
		</dict>
		<key>A98318431973752700CF1A4A</key>
		<dict>
			<key>isa</key>
			<string>PBXFileReference</string>
			<key>lastKnownFileType</key>
			<string>folder.assetcatalog</string>
			<key>path</key>
			<string>Images.xcassets</string>
			<key>sourceTree</key>
			<string>&lt;group&gt;</string>
		</dict>
		<key>A98318441973752700CF1A4A</key>
		<dict>
			<key>fileRef</key>
			<string>A98318431973752700CF1A4A</string>
			<key>isa</key>
			<string>PBXBuildFile</string>
		</dict>
		<key>A98318451973752700CF1A4A</key>
		<dict>
			<key>buildActionMask</key>
			<string>2147483647</string>
			<key>files</key>
			<array>
				<string>A98318581973752800CF1A4A</string>
			</array>
			<key>isa</key>
			<string>PBXSourcesBuildPhase</string>
			<key>runOnlyForDeploymentPostprocessing</key>
			<string>0</string>
		</dict>
		<key>A98318461973752700CF1A4A</key>
		<dict>
			<key>buildActionMask</key>
			<string>2147483647</string>
			<key>files</key>
			<array>
				<string>A983184B1973752700CF1A4A</string>
				<string>A983184E1973752700CF1A4A</string>
				<string>A983184D1973752700CF1A4A</string>
				<string>A983184C1973752700CF1A4A</string>
			</array>
			<key>isa</key>
			<string>PBXFrameworksBuildPhase</string>
			<key>runOnlyForDeploymentPostprocessing</key>
			<string>0</string>
		</dict>
		<key>A98318471973752700CF1A4A</key>
		<dict>
			<key>buildActionMask</key>
			<string>2147483647</string>
			<key>files</key>
			<array>
				<string>A98318561973752800CF1A4A</string>
			</array>
			<key>isa</key>
			<string>PBXResourcesBuildPhase</string>
			<key>runOnlyForDeploymentPostprocessing</key>
			<string>0</string>
		</dict>
		<key>A98318481973752700CF1A4A</key>
		<dict>
			<key>buildConfigurationList</key>
			<string>A983185E1973752800CF1A4A</string>
			<key>buildPhases</key>
			<array>
				<string>A98318451973752700CF1A4A</string>
				<string>A98318461973752700CF1A4A</string>
				<string>A98318471973752700CF1A4A</string>
			</array>
			<key>buildRules</key>
			<array/>
			<key>dependencies</key>
			<array>
				<string>A98318501973752700CF1A4A</string>
			</array>
			<key>isa</key>
			<string>PBXNativeTarget</string>
			<key>name</key>
			<string>BRSFlatMapTests</string>
			<key>productName</key>
			<string>BRSFlatMapTests</string>
			<key>productReference</key>
			<string>A98318491973752700CF1A4A</string>
			<key>productType</key>
			<string>com.apple.product-type.bundle.unit-test</string>
		</dict>
		<key>A98318491973752700CF1A4A</key>
		<dict>
			<key>explicitFileType</key>
			<string>wrapper.cfbundle</string>
			<key>includeInIndex</key>
			<string>0</string>
			<key>isa</key>
			<string>PBXFileReference</string>
			<key>path</key>
			<string>BRSFlatMapTests.xctest</string>
			<key>sourceTree</key>
			<string>BUILT_PRODUCTS_DIR</string>
		</dict>
		<key>A983184A1973752700CF1A4A</key>
		<dict>
			<key>isa</key>
			<string>PBXFileReference</string>
			<key>lastKnownFileType</key>
			<string>wrapper.framework</string>
			<key>name</key>
			<string>XCTest.framework</string>
			<key>path</key>
			<string>Library/Frameworks/XCTest.framework</string>
			<key>sourceTree</key>
			<string>DEVELOPER_DIR</string>
		</dict>
		<key>A983184B1973752700CF1A4A</key>
		<dict>
			<key>fileRef</key>
			<string>A983184A1973752700CF1A4A</string>
			<key>isa</key>
			<string>PBXBuildFile</string>
		</dict>
		<key>A983184C1973752700CF1A4A</key>
		<dict>
			<key>fileRef</key>
			<string>A983182C1973752700CF1A4A</string>
			<key>isa</key>
			<string>PBXBuildFile</string>
		</dict>
		<key>A983184D1973752700CF1A4A</key>
		<dict>
			<key>fileRef</key>
			<string>A98318301973752700CF1A4A</string>
			<key>isa</key>
			<string>PBXBuildFile</string>
		</dict>
		<key>A983184E1973752700CF1A4A</key>
		<dict>
			<key>fileRef</key>
			<string>A98318321973752700CF1A4A</string>
			<key>isa</key>
			<string>PBXBuildFile</string>
		</dict>
		<key>A983184F1973752700CF1A4A</key>
		<dict>
			<key>containerPortal</key>
			<string>A98318211973752700CF1A4A</string>
			<key>isa</key>
			<string>PBXContainerItemProxy</string>
			<key>proxyType</key>
			<string>1</string>
			<key>remoteGlobalIDString</key>
			<string>A98318281973752700CF1A4A</string>
			<key>remoteInfo</key>
			<string>BRSFlatMap</string>
		</dict>
		<key>A98318501973752700CF1A4A</key>
		<dict>
			<key>isa</key>
			<string>PBXTargetDependency</string>
			<key>target</key>
			<string>A98318281973752700CF1A4A</string>
			<key>targetProxy</key>
			<string>A983184F1973752700CF1A4A</string>
		</dict>
		<key>A98318511973752700CF1A4A</key>
		<dict>
			<key>children</key>
			<array>
				<string>A98318571973752800CF1A4A</string>
				<string>A98318521973752700CF1A4A</string>
			</array>
			<key>isa</key>
			<string>PBXGroup</string>
			<key>path</key>
			<string>BRSFlatMapTests</string>
			<key>sourceTree</key>
			<string>&lt;group&gt;</string>
		</dict>
		<key>A98318521973752700CF1A4A</key>
		<dict>
			<key>children</key>
			<array>
				<string>A98318531973752700CF1A4A</string>
				<string>A98318541973752700CF1A4A</string>
			</array>
			<key>isa</key>
			<string>PBXGroup</string>
			<key>name</key>
			<string>Supporting Files</string>
			<key>sourceTree</key>
			<string>&lt;group&gt;</string>
		</dict>
		<key>A98318531973752700CF1A4A</key>
		<dict>
			<key>isa</key>
			<string>PBXFileReference</string>
			<key>lastKnownFileType</key>
			<string>text.plist.xml</string>
			<key>path</key>
			<string>BRSFlatMapTests-Info.plist</string>
			<key>sourceTree</key>
			<string>&lt;group&gt;</string>
		</dict>
		<key>A98318541973752700CF1A4A</key>
		<dict>
			<key>children</key>
			<array>
				<string>A98318551973752700CF1A4A</string>
			</array>
			<key>isa</key>
			<string>PBXVariantGroup</string>
			<key>name</key>
			<string>InfoPlist.strings</string>
			<key>sourceTree</key>
			<string>&lt;group&gt;</string>
		</dict>
		<key>A98318551973752700CF1A4A</key>
		<dict>
			<key>isa</key>
			<string>PBXFileReference</string>
			<key>lastKnownFileType</key>
			<string>text.plist.strings</string>
			<key>name</key>
			<string>en</string>
			<key>path</key>
			<string>en.lproj/InfoPlist.strings</string>
			<key>sourceTree</key>
			<string>&lt;group&gt;</string>
		</dict>
		<key>A98318561973752800CF1A4A</key>
		<dict>
			<key>fileRef</key>
			<string>A98318541973752700CF1A4A</string>
			<key>isa</key>
			<string>PBXBuildFile</string>
		</dict>
		<key>A98318571973752800CF1A4A</key>
		<dict>
			<key>isa</key>
			<string>PBXFileReference</string>
			<key>lastKnownFileType</key>
			<string>sourcecode.c.objc</string>
			<key>path</key>
			<string>BRSFlatMapTests.m</string>
			<key>sourceTree</key>
			<string>&lt;group&gt;</string>
		</dict>
		<key>A98318581973752800CF1A4A</key>
		<dict>
			<key>fileRef</key>
			<string>A98318571973752800CF1A4A</string>
			<key>isa</key>
			<string>PBXBuildFile</string>
		</dict>
		<key>A98318591973752800CF1A4A</key>
		<dict>
			<key>buildSettings</key>
			<dict>
				<key>ALWAYS_SEARCH_USER_PATHS</key>
				<string>NO</string>
				<key>CLANG_CXX_LANGUAGE_STANDARD</key>
				<string>gnu++0x</string>
				<key>CLANG_CXX_LIBRARY</key>
				<string>libc++</string>
				<key>CLANG_ENABLE_MODULES</key>
				<string>YES</string>
				<key>CLANG_ENABLE_OBJC_ARC</key>
				<string>YES</string>
				<key>CLANG_WARN_BOOL_CONVERSION</key>
				<string>YES</string>
				<key>CLANG_WARN_CONSTANT_CONVERSION</key>
				<string>YES</string>
				<key>CLANG_WARN_DIRECT_OBJC_ISA_USAGE</key>
				<string>YES_ERROR</string>
				<key>CLANG_WARN_EMPTY_BODY</key>
				<string>YES</string>
				<key>CLANG_WARN_ENUM_CONVERSION</key>
				<string>YES</string>
				<key>CLANG_WARN_INT_CONVERSION</key>
				<string>YES</string>
				<key>CLANG_WARN_OBJC_ROOT_CLASS</key>
				<string>YES_ERROR</string>
				<key>CLANG_WARN__DUPLICATE_METHOD_MATCH</key>
				<string>YES</string>
				<key>CODE_SIGN_IDENTITY[sdk=iphoneos*]</key>
				<string>iPhone Developer</string>
				<key>COPY_PHASE_STRIP</key>
				<string>NO</string>
				<key>GCC_C_LANGUAGE_STANDARD</key>
				<string>gnu99</string>
				<key>GCC_DYNAMIC_NO_PIC</key>
				<string>NO</string>
				<key>GCC_OPTIMIZATION_LEVEL</key>
				<string>0</string>
				<key>GCC_PREPROCESSOR_DEFINITIONS</key>
				<array>
					<string>DEBUG=1</string>
					<string>$(inherited)</string>
				</array>
				<key>GCC_SYMBOLS_PRIVATE_EXTERN</key>
				<string>NO</string>
				<key>GCC_WARN_64_TO_32_BIT_CONVERSION</key>
				<string>YES</string>
				<key>GCC_WARN_ABOUT_RETURN_TYPE</key>
				<string>YES_ERROR</string>
				<key>GCC_WARN_UNDECLARED_SELECTOR</key>
				<string>YES</string>
				<key>GCC_WARN_UNINITIALIZED_AUTOS</key>
				<string>YES_AGGRESSIVE</string>
				<key>GCC_WARN_UNUSED_FUNCTION</key>
				<string>YES</string>
				<key>GCC_WARN_UNUSED_VARIABLE</key>
				<string>YES</string>
				<key>IPHONEOS_DEPLOYMENT_TARGET</key>
				<string>7.1</string>
				<key>ONLY_ACTIVE_ARCH</key>
				<string>YES</string>
				<key>SDKROOT</key>
				<string>iphoneos</string>
			</dict>
			<key>isa</key>
			<string>XCBuildConfiguration</string>
			<key>name</key>
			<string>Debug</string>
		</dict>
		<key>A983185A1973752800CF1A4A</key>
		<dict>
			<key>buildSettings</key>
			<dict>
				<key>ALWAYS_SEARCH_USER_PATHS</key>
				<string>NO</string>
				<key>CLANG_CXX_LANGUAGE_STANDARD</key>
				<string>gnu++0x</string>
				<key>CLANG_CXX_LIBRARY</key>
				<string>libc++</string>
				<key>CLANG_ENABLE_MODULES</key>
				<string>YES</string>
				<key>CLANG_ENABLE_OBJC_ARC</key>
				<string>YES</string>
				<key>CLANG_WARN_BOOL_CONVERSION</key>
				<string>YES</string>
				<key>CLANG_WARN_CONSTANT_CONVERSION</key>
				<string>YES</string>
				<key>CLANG_WARN_DIRECT_OBJC_ISA_USAGE</key>
				<string>YES_ERROR</string>
				<key>CLANG_WARN_EMPTY_BODY</key>
				<string>YES</string>
				<key>CLANG_WARN_ENUM_CONVERSION</key>
				<string>YES</string>
				<key>CLANG_WARN_INT_CONVERSION</key>
				<string>YES</string>
				<key>CLANG_WARN_OBJC_ROOT_CLASS</key>
				<string>YES_ERROR</string>
				<key>CLANG_WARN__DUPLICATE_METHOD_MATCH</key>
				<string>YES</string>
				<key>CODE_SIGN_IDENTITY[sdk=iphoneos*]</key>
				<string>iPhone Developer</string>
				<key>COPY_PHASE_STRIP</key>
				<string>YES</string>
				<key>ENABLE_NS_ASSERTIONS</key>
				<string>NO</string>
				<key>GCC_C_LANGUAGE_STANDARD</key>
				<string>gnu99</string>
				<key>GCC_WARN_64_TO_32_BIT_CONVERSION</key>
				<string>YES</string>
				<key>GCC_WARN_ABOUT_RETURN_TYPE</key>
				<string>YES_ERROR</string>
				<key>GCC_WARN_UNDECLARED_SELECTOR</key>
				<string>YES</string>
				<key>GCC_WARN_UNINITIALIZED_AUTOS</key>
				<string>YES_AGGRESSIVE</string>
				<key>GCC_WARN_UNUSED_FUNCTION</key>
				<string>YES</string>
				<key>GCC_WARN_UNUSED_VARIABLE</key>
				<string>YES</string>
				<key>IPHONEOS_DEPLOYMENT_TARGET</key>
				<string>7.1</string>
				<key>SDKROOT</key>
				<string>iphoneos</string>
				<key>VALIDATE_PRODUCT</key>
				<string>YES</string>
			</dict>
			<key>isa</key>
			<string>XCBuildConfiguration</string>
			<key>name</key>
			<string>Release</string>
		</dict>
		<key>A983185B1973752800CF1A4A</key>
		<dict>
			<key>buildConfigurations</key>
			<array>
				<string>A983185C1973752800CF1A4A</string>
				<string>A983185D1973752800CF1A4A</string>
			</array>
			<key>defaultConfigurationIsVisible</key>
			<string>0</string>
			<key>defaultConfigurationName</key>
			<string>Release</string>
			<key>isa</key>
			<string>XCConfigurationList</string>
		</dict>
		<key>A983185C1973752800CF1A4A</key>
		<dict>
			<key>baseConfigurationReference</key>
			<string>EE0E00F8AD77460ABD6C0158</string>
			<key>buildSettings</key>
			<dict>
				<key>ASSETCATALOG_COMPILER_APPICON_NAME</key>
				<string>AppIcon</string>
				<key>ASSETCATALOG_COMPILER_LAUNCHIMAGE_NAME</key>
				<string>LaunchImage</string>
				<key>GCC_PRECOMPILE_PREFIX_HEADER</key>
				<string>YES</string>
				<key>GCC_PREFIX_HEADER</key>
				<string>BRSFlatMap/BRSFlatMap-Prefix.pch</string>
				<key>INFOPLIST_FILE</key>
				<string>BRSFlatMap/BRSFlatMap-Info.plist</string>
				<key>PRODUCT_NAME</key>
				<string>$(TARGET_NAME)</string>
				<key>WRAPPER_EXTENSION</key>
				<string>app</string>
			</dict>
			<key>isa</key>
			<string>XCBuildConfiguration</string>
			<key>name</key>
			<string>Debug</string>
		</dict>
		<key>A983185D1973752800CF1A4A</key>
		<dict>
			<key>baseConfigurationReference</key>
			<string>EE0E00F8AD77460ABD6C0158</string>
			<key>buildSettings</key>
			<dict>
				<key>ASSETCATALOG_COMPILER_APPICON_NAME</key>
				<string>AppIcon</string>
				<key>ASSETCATALOG_COMPILER_LAUNCHIMAGE_NAME</key>
				<string>LaunchImage</string>
				<key>GCC_PRECOMPILE_PREFIX_HEADER</key>
				<string>YES</string>
				<key>GCC_PREFIX_HEADER</key>
				<string>BRSFlatMap/BRSFlatMap-Prefix.pch</string>
				<key>INFOPLIST_FILE</key>
				<string>BRSFlatMap/BRSFlatMap-Info.plist</string>
				<key>PRODUCT_NAME</key>
				<string>$(TARGET_NAME)</string>
				<key>WRAPPER_EXTENSION</key>
				<string>app</string>
			</dict>
			<key>isa</key>
			<string>XCBuildConfiguration</string>
			<key>name</key>
			<string>Release</string>
		</dict>
		<key>A983185E1973752800CF1A4A</key>
		<dict>
			<key>buildConfigurations</key>
			<array>
				<string>A983185F1973752800CF1A4A</string>
				<string>A98318601973752800CF1A4A</string>
			</array>
			<key>defaultConfigurationIsVisible</key>
			<string>0</string>
			<key>defaultConfigurationName</key>
			<string>Release</string>
			<key>isa</key>
			<string>XCConfigurationList</string>
		</dict>
		<key>A983185F1973752800CF1A4A</key>
		<dict>
			<key>buildSettings</key>
			<dict>
				<key>BUNDLE_LOADER</key>
				<string>$(BUILT_PRODUCTS_DIR)/BRSFlatMap.app/BRSFlatMap</string>
				<key>FRAMEWORK_SEARCH_PATHS</key>
				<array>
					<string>$(SDKROOT)/Developer/Library/Frameworks</string>
					<string>$(inherited)</string>
					<string>$(DEVELOPER_FRAMEWORKS_DIR)</string>
				</array>
				<key>GCC_PRECOMPILE_PREFIX_HEADER</key>
				<string>YES</string>
				<key>GCC_PREFIX_HEADER</key>
				<string>BRSFlatMap/BRSFlatMap-Prefix.pch</string>
				<key>GCC_PREPROCESSOR_DEFINITIONS</key>
				<array>
					<string>DEBUG=1</string>
					<string>$(inherited)</string>
				</array>
				<key>INFOPLIST_FILE</key>
				<string>BRSFlatMapTests/BRSFlatMapTests-Info.plist</string>
				<key>PRODUCT_NAME</key>
				<string>$(TARGET_NAME)</string>
				<key>TEST_HOST</key>
				<string>$(BUNDLE_LOADER)</string>
				<key>WRAPPER_EXTENSION</key>
				<string>xctest</string>
			</dict>
			<key>isa</key>
			<string>XCBuildConfiguration</string>
			<key>name</key>
			<string>Debug</string>
		</dict>
		<key>A98318601973752800CF1A4A</key>
		<dict>
			<key>buildSettings</key>
			<dict>
				<key>BUNDLE_LOADER</key>
				<string>$(BUILT_PRODUCTS_DIR)/BRSFlatMap.app/BRSFlatMap</string>
				<key>FRAMEWORK_SEARCH_PATHS</key>
				<array>
					<string>$(SDKROOT)/Developer/Library/Frameworks</string>
					<string>$(inherited)</string>
					<string>$(DEVELOPER_FRAMEWORKS_DIR)</string>
				</array>
				<key>GCC_PRECOMPILE_PREFIX_HEADER</key>
				<string>YES</string>
				<key>GCC_PREFIX_HEADER</key>
				<string>BRSFlatMap/BRSFlatMap-Prefix.pch</string>
				<key>INFOPLIST_FILE</key>
				<string>BRSFlatMapTests/BRSFlatMapTests-Info.plist</string>
				<key>PRODUCT_NAME</key>
				<string>$(TARGET_NAME)</string>
				<key>TEST_HOST</key>
				<string>$(BUNDLE_LOADER)</string>
				<key>WRAPPER_EXTENSION</key>
				<string>xctest</string>
			</dict>
			<key>isa</key>
			<string>XCBuildConfiguration</string>
			<key>name</key>
			<string>Release</string>
		</dict>
		<key>A9BC6858197514410079BCA3</key>
		<dict>
			<key>fileEncoding</key>
			<string>4</string>
			<key>isa</key>
			<string>PBXFileReference</string>
			<key>lastKnownFileType</key>
			<string>sourcecode.c.h</string>
			<key>name</key>
			<string>BRSAnnotation.h</string>
			<key>path</key>
			<string>BRSFlatMap/BRSAnnotation.h</string>
			<key>sourceTree</key>
			<string>&lt;group&gt;</string>
		</dict>
		<key>A9BC6859197514410079BCA3</key>
		<dict>
			<key>fileEncoding</key>
			<string>4</string>
			<key>isa</key>
			<string>PBXFileReference</string>
			<key>lastKnownFileType</key>
			<string>sourcecode.c.objc</string>
			<key>name</key>
			<string>BRSAnnotation.m</string>
			<key>path</key>
			<string>BRSFlatMap/BRSAnnotation.m</string>
			<key>sourceTree</key>
			<string>&lt;group&gt;</string>
		</dict>
		<key>A9BC685A197514410079BCA3</key>
		<dict>
			<key>fileRef</key>
			<string>A9BC6859197514410079BCA3</string>
			<key>isa</key>
			<string>PBXBuildFile</string>
		</dict>
		<key>A9D0931E1974DEB40000BAF7</key>
		<dict>
			<key>fileEncoding</key>
			<string>4</string>
			<key>isa</key>
			<string>PBXFileReference</string>
			<key>lastKnownFileType</key>
			<string>sourcecode.c.h</string>
			<key>name</key>
			<string>BRSFlatMapViewController.h</string>
			<key>path</key>
			<string>BRSFlatMap/BRSFlatMapViewController.h</string>
			<key>sourceTree</key>
			<string>&lt;group&gt;</string>
		</dict>
		<key>A9D0931F1974DEB40000BAF7</key>
		<dict>
			<key>fileEncoding</key>
			<string>4</string>
			<key>isa</key>
			<string>PBXFileReference</string>
			<key>lastKnownFileType</key>
			<string>sourcecode.c.objc</string>
			<key>name</key>
			<string>BRSFlatMapViewController.m</string>
			<key>path</key>
			<string>BRSFlatMap/BRSFlatMapViewController.m</string>
			<key>sourceTree</key>
			<string>&lt;group&gt;</string>
		</dict>
		<key>A9D093201974DEB40000BAF7</key>
		<dict>
			<key>fileRef</key>
			<string>A9D0931F1974DEB40000BAF7</string>
			<key>isa</key>
			<string>PBXBuildFile</string>
		</dict>
		<key>A9D093211974E0D50000BAF7</key>
		<dict>
			<key>fileEncoding</key>
			<string>4</string>
			<key>isa</key>
			<string>PBXFileReference</string>
			<key>lastKnownFileType</key>
			<string>sourcecode.c.h</string>
			<key>name</key>
			<string>BRSSCUTMapView.h</string>
			<key>path</key>
			<string>BRSFlatMap/BRSSCUTMapView.h</string>
			<key>sourceTree</key>
			<string>&lt;group&gt;</string>
		</dict>
		<key>A9D093221974E0D50000BAF7</key>
		<dict>
			<key>fileEncoding</key>
			<string>4</string>
			<key>isa</key>
			<string>PBXFileReference</string>
			<key>lastKnownFileType</key>
			<string>sourcecode.c.objc</string>
			<key>name</key>
			<string>BRSSCUTMapView.m</string>
			<key>path</key>
			<string>BRSFlatMap/BRSSCUTMapView.m</string>
			<key>sourceTree</key>
			<string>&lt;group&gt;</string>
		</dict>
		<key>A9D093231974E0D50000BAF7</key>
		<dict>
			<key>fileRef</key>
			<string>A9D093221974E0D50000BAF7</string>
			<key>isa</key>
			<string>PBXBuildFile</string>
		</dict>
		<key>A9D093241974ED1D0000BAF7</key>
		<dict>
			<key>fileEncoding</key>
			<string>4</string>
			<key>isa</key>
			<string>PBXFileReference</string>
			<key>lastKnownFileType</key>
			<string>sourcecode.c.h</string>
			<key>name</key>
			<string>BRSMapMetaDataManager.h</string>
			<key>path</key>
			<string>BRSFlatMap/BRSMapMetaDataManager.h</string>
			<key>sourceTree</key>
			<string>&lt;group&gt;</string>
		</dict>
		<key>A9D093251974ED1D0000BAF7</key>
		<dict>
			<key>fileEncoding</key>
			<string>4</string>
			<key>isa</key>
			<string>PBXFileReference</string>
			<key>lastKnownFileType</key>
			<string>sourcecode.c.objc</string>
			<key>name</key>
			<string>BRSMapMetaDataManager.m</string>
			<key>path</key>
			<string>BRSFlatMap/BRSMapMetaDataManager.m</string>
			<key>sourceTree</key>
			<string>&lt;group&gt;</string>
		</dict>
		<key>A9D093261974ED1D0000BAF7</key>
		<dict>
			<key>fileRef</key>
			<string>A9D093251974ED1D0000BAF7</string>
			<key>isa</key>
			<string>PBXBuildFile</string>
		</dict>
		<key>BC1F8955EAD8416AB52A5C29</key>
		<dict>
			<key>buildActionMask</key>
			<string>2147483647</string>
			<key>files</key>
			<array/>
			<key>inputPaths</key>
			<array/>
			<key>isa</key>
			<string>PBXShellScriptBuildPhase</string>
			<key>name</key>
			<string>Check Pods Manifest.lock</string>
			<key>outputPaths</key>
			<array/>
			<key>runOnlyForDeploymentPostprocessing</key>
			<string>0</string>
			<key>shellPath</key>
			<string>/bin/sh</string>
			<key>shellScript</key>
			<string>diff "${PODS_ROOT}/../Podfile.lock" "${PODS_ROOT}/Manifest.lock" &gt; /dev/null
if [[ $? != 0 ]] ; then
    cat &lt;&lt; EOM
error: The sandbox is not in sync with the Podfile.lock. Run 'pod install' or update your CocoaPods installation.
EOM
    exit 1
fi
</string>
			<key>showEnvVarsInLog</key>
			<string>0</string>
		</dict>
		<key>BEE282826C114BCAA1344129</key>
		<dict>
			<key>fileRef</key>
			<string>C56A2D5733A74C14A1338DC1</string>
			<key>isa</key>
			<string>PBXBuildFile</string>
		</dict>
		<key>C56A2D5733A74C14A1338DC1</key>
		<dict>
			<key>explicitFileType</key>
			<string>archive.ar</string>
			<key>includeInIndex</key>
			<string>0</string>
			<key>isa</key>
			<string>PBXFileReference</string>
			<key>path</key>
			<string>libPods.a</string>
			<key>sourceTree</key>
			<string>BUILT_PRODUCTS_DIR</string>
		</dict>
		<key>EE0E00F8AD77460ABD6C0158</key>
		<dict>
			<key>includeInIndex</key>
			<string>1</string>
			<key>isa</key>
			<string>PBXFileReference</string>
			<key>lastKnownFileType</key>
			<string>text.xcconfig</string>
			<key>name</key>
			<string>Pods.xcconfig</string>
			<key>path</key>
			<string>Pods/Pods.xcconfig</string>
			<key>sourceTree</key>
			<string>&lt;group&gt;</string>
		</dict>
	</dict>
	<key>rootObject</key>
	<string>A98318211973752700CF1A4A</string>
</dict>
</plist>
